
Microsoft Visual Studio Solution File, Format Version 12.00
# Visual Studio Version 16
VisualStudioVersion = 16.0.31402.337
MinimumVisualStudioVersion = 10.0.40219.1
Project("{FAE04EC0-301F-11D3-BF4B-00C04F79EFBC}") = "Almoxarifado", "Almoxarifado\Almoxarifado.csproj", "{AA0B189E-F529-4D16-8A2A-89264802EF64}"
EndProject
Global
	GlobalSection(SolutionConfigurationPlatforms) = preSolution
		Debug|Any CPU = Debug|Any CPU
		Release|Any CPU = Release|Any CPU
	EndGlobalSection
	GlobalSection(ProjectConfigurationPlatforms) = postSolution
		{AA0B189E-F529-4D16-8A2A-89264802EF64}.Debug|Any CPU.ActiveCfg = Debug|Any CPU
		{AA0B189E-F529-4D16-8A2A-89264802EF64}.Debug|Any CPU.Build.0 = Debug|Any CPU
		{AA0B189E-F529-4D16-8A2A-89264802EF64}.Release|Any CPU.ActiveCfg = Release|Any CPU
		{AA0B189E-F529-4D16-8A2A-89264802EF64}.Release|Any CPU.Build.0 = Release|Any CPU
	EndGlobalSection
	GlobalSection(SolutionProperties) = preSolution
		HideSolutionNode = FALSE
	EndGlobalSection
	GlobalSection(ExtensibilityGlobals) = postSolution
		SolutionGuid = {5D2E19CE-EFE1-4FD3-8B03-346AFF603888}
	EndGlobalSection
EndGlobal
